
Microsoft Visual Studio Solution File, Format Version 12.00
# Visual Studio Version 17
VisualStudioVersion = 17.10.34916.146
MinimumVisualStudioVersion = 10.0.40219.1
Project("{FAE04EC0-301F-11D3-BF4B-00C04F79EFBC}") = "ASPNETMVCCRUD", "ASPNETMVCCRUD\ASPNETMVCCRUD.csproj", "{2CC58276-4D4F-4A0E-9BED-831A356B0D48}"
EndProject
Global
	GlobalSection(SolutionConfigurationPlatforms) = preSolution
		Debug|Any CPU = Debug|Any CPU
		Release|Any CPU = Release|Any CPU
	EndGlobalSection
	GlobalSection(ProjectConfigurationPlatforms) = postSolution
		{2CC58276-4D4F-4A0E-9BED-831A356B0D48}.Debug|Any CPU.ActiveCfg = Debug|Any CPU
		{2CC58276-4D4F-4A0E-9BED-831A356B0D48}.Debug|Any CPU.Build.0 = Debug|Any CPU
		{2CC58276-4D4F-4A0E-9BED-831A356B0D48}.Release|Any CPU.ActiveCfg = Release|Any CPU
		{2CC58276-4D4F-4A0E-9BED-831A356B0D48}.Release|Any CPU.Build.0 = Release|Any CPU
	EndGlobalSection
	GlobalSection(SolutionProperties) = preSolution
		HideSolutionNode = FALSE
	EndGlobalSection
	GlobalSection(ExtensibilityGlobals) = postSolution
		SolutionGuid = {4D564348-EA3C-4F67-92E7-30D3B5A540E3}
	EndGlobalSection
EndGlobal
